
Microsoft Visual Studio Solution File, Format Version 12.00
# Visual Studio Version 16
VisualStudioVersion = 16.0.31702.278
MinimumVisualStudioVersion = 10.0.40219.1
Project("{9A19103F-16F7-4668-BE54-9A1E7A4F7556}") = "Project", "Project\Project.csproj", "{261DA781-2225-42B3-8120-22649B4E70E9}"
EndProject
Project("{FAE04EC0-301F-11D3-BF4B-00C04F79EFBC}") = "Edzoterem_adatbazis", "Edzoterem_adatbazis\Edzoterem_adatbazis.csproj", "{46251E34-2843-4CB7-BCD5-761AB6FF327E}"
EndProject
Global
	GlobalSection(SolutionConfigurationPlatforms) = preSolution
		Debug|Any CPU = Debug|Any CPU
		Release|Any CPU = Release|Any CPU
	EndGlobalSection
	GlobalSection(ProjectConfigurationPlatforms) = postSolution
		{261DA781-2225-42B3-8120-22649B4E70E9}.Debug|Any CPU.ActiveCfg = Debug|Any CPU
		{261DA781-2225-42B3-8120-22649B4E70E9}.Debug|Any CPU.Build.0 = Debug|Any CPU
		{261DA781-2225-42B3-8120-22649B4E70E9}.Release|Any CPU.ActiveCfg = Release|Any CPU
		{261DA781-2225-42B3-8120-22649B4E70E9}.Release|Any CPU.Build.0 = Release|Any CPU
		{46251E34-2843-4CB7-BCD5-761AB6FF327E}.Debug|Any CPU.ActiveCfg = Debug|Any CPU
		{46251E34-2843-4CB7-BCD5-761AB6FF327E}.Debug|Any CPU.Build.0 = Debug|Any CPU
		{46251E34-2843-4CB7-BCD5-761AB6FF327E}.Release|Any CPU.ActiveCfg = Release|Any CPU
		{46251E34-2843-4CB7-BCD5-761AB6FF327E}.Release|Any CPU.Build.0 = Release|Any CPU
	EndGlobalSection
	GlobalSection(SolutionProperties) = preSolution
		HideSolutionNode = FALSE
	EndGlobalSection
	GlobalSection(ExtensibilityGlobals) = postSolution
		SolutionGuid = {83389939-EAAB-4A70-A59E-E23249051100}
	EndGlobalSection
EndGlobal
